
Microsoft Visual Studio Solution File, Format Version 12.00
# Visual Studio Version 17
VisualStudioVersion = 17.14.36623.8 d17.14
MinimumVisualStudioVersion = 10.0.40219.1
Project("{FAE04EC0-301F-11D3-BF4B-00C04F79EFBC}") = "Digalox Batch Programmer", "Digalox Batch Programmer.csproj", "{81673AF2-0492-4C2B-9EBC-64F6FA300F10}"
EndProject
Global
	GlobalSection(SolutionConfigurationPlatforms) = preSolution
		Debug|Any CPU = Debug|Any CPU
		Release|Any CPU = Release|Any CPU
	EndGlobalSection
	GlobalSection(ProjectConfigurationPlatforms) = postSolution
		{81673AF2-0492-4C2B-9EBC-64F6FA300F10}.Debug|Any CPU.ActiveCfg = Debug|Any CPU
		{81673AF2-0492-4C2B-9EBC-64F6FA300F10}.Debug|Any CPU.Build.0 = Debug|Any CPU
		{81673AF2-0492-4C2B-9EBC-64F6FA300F10}.Release|Any CPU.ActiveCfg = Release|Any CPU
		{81673AF2-0492-4C2B-9EBC-64F6FA300F10}.Release|Any CPU.Build.0 = Release|Any CPU
	EndGlobalSection
	GlobalSection(SolutionProperties) = preSolution
		HideSolutionNode = FALSE
	EndGlobalSection
	GlobalSection(ExtensibilityGlobals) = postSolution
		SolutionGuid = {1A6E9D67-3FAD-4D63-9D90-3455D64E53F3}
	EndGlobalSection
EndGlobal
